
Microsoft Visual Studio Solution File, Format Version 12.00
# Visual Studio Version 17
VisualStudioVersion = 17.7.34003.232
MinimumVisualStudioVersion = 10.0.40219.1
Project("{FAE04EC0-301F-11D3-BF4B-00C04F79EFBC}") = "3SayininEnBuyugu", "3SayininEnBuyugu\3SayininEnBuyugu.csproj", "{4E425CF1-7801-4F8D-98F0-5D05A54306CB}"
EndProject
Global
	GlobalSection(SolutionConfigurationPlatforms) = preSolution
		Debug|Any CPU = Debug|Any CPU
		Release|Any CPU = Release|Any CPU
	EndGlobalSection
	GlobalSection(ProjectConfigurationPlatforms) = postSolution
		{4E425CF1-7801-4F8D-98F0-5D05A54306CB}.Debug|Any CPU.ActiveCfg = Debug|Any CPU
		{4E425CF1-7801-4F8D-98F0-5D05A54306CB}.Debug|Any CPU.Build.0 = Debug|Any CPU
		{4E425CF1-7801-4F8D-98F0-5D05A54306CB}.Release|Any CPU.ActiveCfg = Release|Any CPU
		{4E425CF1-7801-4F8D-98F0-5D05A54306CB}.Release|Any CPU.Build.0 = Release|Any CPU
	EndGlobalSection
	GlobalSection(SolutionProperties) = preSolution
		HideSolutionNode = FALSE
	EndGlobalSection
	GlobalSection(ExtensibilityGlobals) = postSolution
		SolutionGuid = {2D1E9FE5-72BF-4528-B821-1EAB65FFC18F}
	EndGlobalSection
EndGlobal
